
Microsoft Visual Studio Solution File, Format Version 12.00
# Visual Studio Version 17
VisualStudioVersion = 17.11.35222.181
MinimumVisualStudioVersion = 10.0.40219.1
Project("{FAE04EC0-301F-11D3-BF4B-00C04F79EFBC}") = "HelloWorld MVC", "HelloWorld MVC\HelloWorld MVC.csproj", "{58A88722-AAB8-4678-91E2-8FF45AB4DE90}"
EndProject
Global
	GlobalSection(SolutionConfigurationPlatforms) = preSolution
		Debug|Any CPU = Debug|Any CPU
		Release|Any CPU = Release|Any CPU
	EndGlobalSection
	GlobalSection(ProjectConfigurationPlatforms) = postSolution
		{58A88722-AAB8-4678-91E2-8FF45AB4DE90}.Debug|Any CPU.ActiveCfg = Debug|Any CPU
		{58A88722-AAB8-4678-91E2-8FF45AB4DE90}.Debug|Any CPU.Build.0 = Debug|Any CPU
		{58A88722-AAB8-4678-91E2-8FF45AB4DE90}.Release|Any CPU.ActiveCfg = Release|Any CPU
		{58A88722-AAB8-4678-91E2-8FF45AB4DE90}.Release|Any CPU.Build.0 = Release|Any CPU
	EndGlobalSection
	GlobalSection(SolutionProperties) = preSolution
		HideSolutionNode = FALSE
	EndGlobalSection
	GlobalSection(ExtensibilityGlobals) = postSolution
		SolutionGuid = {2F593A8D-3453-4A3D-B61C-ABD66F593BB0}
	EndGlobalSection
EndGlobal
